
Microsoft Visual Studio Solution File, Format Version 12.00
# Visual Studio Express 2012 for Windows Desktop
Project("{FAE04EC0-301F-11D3-BF4B-00C04F79EFBC}") = "ThScoreFileConverter", "ThScoreFileConverter\ThScoreFileConverter.csproj", "{D6E125E5-92D3-48D3-B253-81B6405E9ED6}"
EndProject
Global
	GlobalSection(SolutionConfigurationPlatforms) = preSolution
		Debug|Any CPU = Debug|Any CPU
		Release|Any CPU = Release|Any CPU
	EndGlobalSection
	GlobalSection(ProjectConfigurationPlatforms) = postSolution
		{D6E125E5-92D3-48D3-B253-81B6405E9ED6}.Debug|Any CPU.ActiveCfg = Debug|Any CPU
		{D6E125E5-92D3-48D3-B253-81B6405E9ED6}.Debug|Any CPU.Build.0 = Debug|Any CPU
		{D6E125E5-92D3-48D3-B253-81B6405E9ED6}.Release|Any CPU.ActiveCfg = Release|Any CPU
		{D6E125E5-92D3-48D3-B253-81B6405E9ED6}.Release|Any CPU.Build.0 = Release|Any CPU
	EndGlobalSection
	GlobalSection(SolutionProperties) = preSolution
		HideSolutionNode = FALSE
	EndGlobalSection
EndGlobal
