
Microsoft Visual Studio Solution File, Format Version 12.00
# Visual Studio Version 16
VisualStudioVersion = 16.0.29201.188
MinimumVisualStudioVersion = 10.0.40219.1
Project("{2150E333-8FDC-42A3-9474-1A3956D46DE8}") = "Solution Items", "Solution Items", "{8332C86B-BB85-41F4-A6C8-F72AF538ECB2}"
	ProjectSection(SolutionItems) = preProject
		.editorconfig = .editorconfig
		CollectArtifacts.bat = CollectArtifacts.bat
		CustomDictionary.xml = CustomDictionary.xml
		Directory.Build.props = Directory.Build.props
		LICENSE.txt = LICENSE.txt
		README.md = README.md
	EndProjectSection
EndProject
Project("{9A19103F-16F7-4668-BE54-9A1E7A4F7556}") = "ThScoreFileConverter", "ThScoreFileConverter\ThScoreFileConverter.csproj", "{D6E125E5-92D3-48D3-B253-81B6405E9ED6}"
EndProject
Project("{888888A0-9F3D-457C-B088-3A5042F75D52}") = "ManualGenerator", "ManualGenerator\ManualGenerator.pyproj", "{3FDE820F-B99D-4936-AC8E-11A36697F9D1}"
EndProject
Project("{9A19103F-16F7-4668-BE54-9A1E7A4F7556}") = "ThScoreFileConverterTests", "ThScoreFileConverterTests\ThScoreFileConverterTests.csproj", "{48809CD9-31FA-46FA-867B-5E8BCC2DED45}"
EndProject
Project("{9A19103F-16F7-4668-BE54-9A1E7A4F7556}") = "TemplateGenerator", "TemplateGenerator\TemplateGenerator.csproj", "{828BB6E0-33A8-418B-AB46-0260377DCD95}"
EndProject
Global
	GlobalSection(SolutionConfigurationPlatforms) = preSolution
		Debug|Any CPU = Debug|Any CPU
		Release|Any CPU = Release|Any CPU
	EndGlobalSection
	GlobalSection(ProjectConfigurationPlatforms) = postSolution
		{D6E125E5-92D3-48D3-B253-81B6405E9ED6}.Debug|Any CPU.ActiveCfg = Debug|Any CPU
		{D6E125E5-92D3-48D3-B253-81B6405E9ED6}.Debug|Any CPU.Build.0 = Debug|Any CPU
		{D6E125E5-92D3-48D3-B253-81B6405E9ED6}.Release|Any CPU.ActiveCfg = Release|Any CPU
		{D6E125E5-92D3-48D3-B253-81B6405E9ED6}.Release|Any CPU.Build.0 = Release|Any CPU
		{3FDE820F-B99D-4936-AC8E-11A36697F9D1}.Debug|Any CPU.ActiveCfg = Debug|Any CPU
		{3FDE820F-B99D-4936-AC8E-11A36697F9D1}.Debug|Any CPU.Build.0 = Debug|Any CPU
		{3FDE820F-B99D-4936-AC8E-11A36697F9D1}.Release|Any CPU.ActiveCfg = Release|Any CPU
		{3FDE820F-B99D-4936-AC8E-11A36697F9D1}.Release|Any CPU.Build.0 = Release|Any CPU
		{48809CD9-31FA-46FA-867B-5E8BCC2DED45}.Debug|Any CPU.ActiveCfg = Debug|Any CPU
		{48809CD9-31FA-46FA-867B-5E8BCC2DED45}.Debug|Any CPU.Build.0 = Debug|Any CPU
		{48809CD9-31FA-46FA-867B-5E8BCC2DED45}.Release|Any CPU.ActiveCfg = Release|Any CPU
		{828BB6E0-33A8-418B-AB46-0260377DCD95}.Debug|Any CPU.ActiveCfg = Debug|Any CPU
		{828BB6E0-33A8-418B-AB46-0260377DCD95}.Debug|Any CPU.Build.0 = Debug|Any CPU
		{828BB6E0-33A8-418B-AB46-0260377DCD95}.Release|Any CPU.ActiveCfg = Release|Any CPU
		{828BB6E0-33A8-418B-AB46-0260377DCD95}.Release|Any CPU.Build.0 = Release|Any CPU
	EndGlobalSection
	GlobalSection(SolutionProperties) = preSolution
		HideSolutionNode = FALSE
	EndGlobalSection
	GlobalSection(ExtensibilityGlobals) = postSolution
		RESX_ResXSortingComparison = Ordinal
		RESX_SortFileContentOnSave = True
		SolutionGuid = {F9FF4036-8B11-4183-A109-25508475052A}
	EndGlobalSection
EndGlobal
